
Microsoft Visual Studio Solution File, Format Version 12.00
# Visual Studio Version 16
VisualStudioVersion = 16.0.31702.278
MinimumVisualStudioVersion = 10.0.40219.1
Project("{FAE04EC0-301F-11D3-BF4B-00C04F79EFBC}") = "GenricExamples", "GenricExamples\GenricExamples.csproj", "{9503672B-E51F-4CA8-9AFF-D1DEF8B3D5CF}"
EndProject
Global
	GlobalSection(SolutionConfigurationPlatforms) = preSolution
		Debug|Any CPU = Debug|Any CPU
		Release|Any CPU = Release|Any CPU
	EndGlobalSection
	GlobalSection(ProjectConfigurationPlatforms) = postSolution
		{9503672B-E51F-4CA8-9AFF-D1DEF8B3D5CF}.Debug|Any CPU.ActiveCfg = Debug|Any CPU
		{9503672B-E51F-4CA8-9AFF-D1DEF8B3D5CF}.Debug|Any CPU.Build.0 = Debug|Any CPU
		{9503672B-E51F-4CA8-9AFF-D1DEF8B3D5CF}.Release|Any CPU.ActiveCfg = Release|Any CPU
		{9503672B-E51F-4CA8-9AFF-D1DEF8B3D5CF}.Release|Any CPU.Build.0 = Release|Any CPU
	EndGlobalSection
	GlobalSection(SolutionProperties) = preSolution
		HideSolutionNode = FALSE
	EndGlobalSection
	GlobalSection(ExtensibilityGlobals) = postSolution
		SolutionGuid = {54CF8E7C-94B9-4954-844C-77717F99EF3B}
	EndGlobalSection
EndGlobal
